
Microsoft Visual Studio Solution File, Format Version 12.00
# Visual Studio Version 16
VisualStudioVersion = 16.0.28902.138
MinimumVisualStudioVersion = 10.0.40219.1
Project("{9A19103F-16F7-4668-BE54-9A1E7A4F7556}") = "iSpy32", "iSpy32.csproj", "{F4799C73-DEE9-48F2-B626-32149CC30976}"
EndProject
Global
	GlobalSection(SolutionConfigurationPlatforms) = preSolution
		ARM|Any CPU = ARM|Any CPU
		ARM|Mixed Platforms = ARM|Mixed Platforms
		ARM|Win32 = ARM|Win32
		ARM|x64 = ARM|x64
		ARM|x86 = ARM|x86
		CD_ROM|Any CPU = CD_ROM|Any CPU
		CD_ROM|Mixed Platforms = CD_ROM|Mixed Platforms
		CD_ROM|Win32 = CD_ROM|Win32
		CD_ROM|x64 = CD_ROM|x64
		CD_ROM|x86 = CD_ROM|x86
		Debug|Any CPU = Debug|Any CPU
		Debug|Mixed Platforms = Debug|Mixed Platforms
		Debug|Win32 = Debug|Win32
		Debug|x64 = Debug|x64
		Debug|x86 = Debug|x86
		DVD-5|Any CPU = DVD-5|Any CPU
		DVD-5|Mixed Platforms = DVD-5|Mixed Platforms
		DVD-5|Win32 = DVD-5|Win32
		DVD-5|x64 = DVD-5|x64
		DVD-5|x86 = DVD-5|x86
		Release|Any CPU = Release|Any CPU
		Release|Mixed Platforms = Release|Mixed Platforms
		Release|Win32 = Release|Win32
		Release|x64 = Release|x64
		Release|x86 = Release|x86
		SingleImage|Any CPU = SingleImage|Any CPU
		SingleImage|Mixed Platforms = SingleImage|Mixed Platforms
		SingleImage|Win32 = SingleImage|Win32
		SingleImage|x64 = SingleImage|x64
		SingleImage|x86 = SingleImage|x86
	EndGlobalSection
	GlobalSection(ProjectConfigurationPlatforms) = postSolution
		{F4799C73-DEE9-48F2-B626-32149CC30976}.ARM|Any CPU.ActiveCfg = Release|Any CPU
		{F4799C73-DEE9-48F2-B626-32149CC30976}.ARM|Any CPU.Build.0 = Release|Any CPU
		{F4799C73-DEE9-48F2-B626-32149CC30976}.ARM|Mixed Platforms.ActiveCfg = Debug|Any CPU
		{F4799C73-DEE9-48F2-B626-32149CC30976}.ARM|Mixed Platforms.Build.0 = Debug|Any CPU
		{F4799C73-DEE9-48F2-B626-32149CC30976}.ARM|Win32.ActiveCfg = Debug|Any CPU
		{F4799C73-DEE9-48F2-B626-32149CC30976}.ARM|Win32.Build.0 = Debug|Any CPU
		{F4799C73-DEE9-48F2-B626-32149CC30976}.ARM|x64.ActiveCfg = Release|Any CPU
		{F4799C73-DEE9-48F2-B626-32149CC30976}.ARM|x64.Build.0 = Release|Any CPU
		{F4799C73-DEE9-48F2-B626-32149CC30976}.ARM|x86.ActiveCfg = Debug|Any CPU
		{F4799C73-DEE9-48F2-B626-32149CC30976}.ARM|x86.Build.0 = Debug|Any CPU
		{F4799C73-DEE9-48F2-B626-32149CC30976}.CD_ROM|Any CPU.ActiveCfg = Debug|Any CPU
		{F4799C73-DEE9-48F2-B626-32149CC30976}.CD_ROM|Any CPU.Build.0 = Debug|Any CPU
		{F4799C73-DEE9-48F2-B626-32149CC30976}.CD_ROM|Mixed Platforms.ActiveCfg = Debug|Any CPU
		{F4799C73-DEE9-48F2-B626-32149CC30976}.CD_ROM|Mixed Platforms.Build.0 = Debug|Any CPU
		{F4799C73-DEE9-48F2-B626-32149CC30976}.CD_ROM|Win32.ActiveCfg = Debug|Any CPU
		{F4799C73-DEE9-48F2-B626-32149CC30976}.CD_ROM|Win32.Build.0 = Debug|Any CPU
		{F4799C73-DEE9-48F2-B626-32149CC30976}.CD_ROM|x64.ActiveCfg = Debug|Any CPU
		{F4799C73-DEE9-48F2-B626-32149CC30976}.CD_ROM|x64.Build.0 = Debug|Any CPU
		{F4799C73-DEE9-48F2-B626-32149CC30976}.CD_ROM|x86.ActiveCfg = Debug|Any CPU
		{F4799C73-DEE9-48F2-B626-32149CC30976}.CD_ROM|x86.Build.0 = Debug|Any CPU
		{F4799C73-DEE9-48F2-B626-32149CC30976}.Debug|Any CPU.ActiveCfg = Debug|Any CPU
		{F4799C73-DEE9-48F2-B626-32149CC30976}.Debug|Any CPU.Build.0 = Debug|Any CPU
		{F4799C73-DEE9-48F2-B626-32149CC30976}.Debug|Mixed Platforms.ActiveCfg = Debug|Any CPU
		{F4799C73-DEE9-48F2-B626-32149CC30976}.Debug|Mixed Platforms.Build.0 = Debug|Any CPU
		{F4799C73-DEE9-48F2-B626-32149CC30976}.Debug|Win32.ActiveCfg = Debug|Any CPU
		{F4799C73-DEE9-48F2-B626-32149CC30976}.Debug|Win32.Build.0 = Debug|Any CPU
		{F4799C73-DEE9-48F2-B626-32149CC30976}.Debug|x64.ActiveCfg = Debug|Any CPU
		{F4799C73-DEE9-48F2-B626-32149CC30976}.Debug|x64.Build.0 = Debug|Any CPU
		{F4799C73-DEE9-48F2-B626-32149CC30976}.Debug|x86.ActiveCfg = Debug|Any CPU
		{F4799C73-DEE9-48F2-B626-32149CC30976}.Debug|x86.Build.0 = Debug|Any CPU
		{F4799C73-DEE9-48F2-B626-32149CC30976}.DVD-5|Any CPU.ActiveCfg = Debug|Any CPU
		{F4799C73-DEE9-48F2-B626-32149CC30976}.DVD-5|Any CPU.Build.0 = Debug|Any CPU
		{F4799C73-DEE9-48F2-B626-32149CC30976}.DVD-5|Mixed Platforms.ActiveCfg = Debug|Any CPU
		{F4799C73-DEE9-48F2-B626-32149CC30976}.DVD-5|Mixed Platforms.Build.0 = Debug|Any CPU
		{F4799C73-DEE9-48F2-B626-32149CC30976}.DVD-5|Win32.ActiveCfg = Debug|Any CPU
		{F4799C73-DEE9-48F2-B626-32149CC30976}.DVD-5|Win32.Build.0 = Debug|Any CPU
		{F4799C73-DEE9-48F2-B626-32149CC30976}.DVD-5|x64.ActiveCfg = Debug|Any CPU
		{F4799C73-DEE9-48F2-B626-32149CC30976}.DVD-5|x64.Build.0 = Debug|Any CPU
		{F4799C73-DEE9-48F2-B626-32149CC30976}.DVD-5|x86.ActiveCfg = Debug|Any CPU
		{F4799C73-DEE9-48F2-B626-32149CC30976}.DVD-5|x86.Build.0 = Debug|Any CPU
		{F4799C73-DEE9-48F2-B626-32149CC30976}.Release|Any CPU.ActiveCfg = Release|Any CPU
		{F4799C73-DEE9-48F2-B626-32149CC30976}.Release|Any CPU.Build.0 = Release|Any CPU
		{F4799C73-DEE9-48F2-B626-32149CC30976}.Release|Mixed Platforms.ActiveCfg = Release|Any CPU
		{F4799C73-DEE9-48F2-B626-32149CC30976}.Release|Mixed Platforms.Build.0 = Release|Any CPU
		{F4799C73-DEE9-48F2-B626-32149CC30976}.Release|Win32.ActiveCfg = Release|Any CPU
		{F4799C73-DEE9-48F2-B626-32149CC30976}.Release|Win32.Build.0 = Release|Any CPU
		{F4799C73-DEE9-48F2-B626-32149CC30976}.Release|x64.ActiveCfg = Release|Any CPU
		{F4799C73-DEE9-48F2-B626-32149CC30976}.Release|x64.Build.0 = Release|Any CPU
		{F4799C73-DEE9-48F2-B626-32149CC30976}.Release|x86.ActiveCfg = Release|Any CPU
		{F4799C73-DEE9-48F2-B626-32149CC30976}.Release|x86.Build.0 = Release|Any CPU
		{F4799C73-DEE9-48F2-B626-32149CC30976}.SingleImage|Any CPU.ActiveCfg = Debug|Any CPU
		{F4799C73-DEE9-48F2-B626-32149CC30976}.SingleImage|Any CPU.Build.0 = Debug|Any CPU
		{F4799C73-DEE9-48F2-B626-32149CC30976}.SingleImage|Mixed Platforms.ActiveCfg = Debug|Any CPU
		{F4799C73-DEE9-48F2-B626-32149CC30976}.SingleImage|Mixed Platforms.Build.0 = Debug|Any CPU
		{F4799C73-DEE9-48F2-B626-32149CC30976}.SingleImage|Win32.ActiveCfg = Debug|Any CPU
		{F4799C73-DEE9-48F2-B626-32149CC30976}.SingleImage|Win32.Build.0 = Debug|Any CPU
		{F4799C73-DEE9-48F2-B626-32149CC30976}.SingleImage|x64.ActiveCfg = Debug|Any CPU
		{F4799C73-DEE9-48F2-B626-32149CC30976}.SingleImage|x64.Build.0 = Debug|Any CPU
		{F4799C73-DEE9-48F2-B626-32149CC30976}.SingleImage|x86.ActiveCfg = Debug|Any CPU
		{F4799C73-DEE9-48F2-B626-32149CC30976}.SingleImage|x86.Build.0 = Debug|Any CPU
	EndGlobalSection
	GlobalSection(SolutionProperties) = preSolution
		HideSolutionNode = FALSE
	EndGlobalSection
	GlobalSection(ExtensibilityGlobals) = postSolution
		SolutionGuid = {BB6BFBF1-E1C0-484A-AF09-57D04D77B3A6}
	EndGlobalSection
EndGlobal
